
Microsoft Visual Studio Solution File, Format Version 12.00
# Visual Studio Version 17
VisualStudioVersion = 17.6.33815.320
MinimumVisualStudioVersion = 10.0.40219.1
Project("{FAE04EC0-301F-11D3-BF4B-00C04F79EFBC}") = "AlphaApi", "AlphaApi\AlphaApi.csproj", "{3FA79368-F0D1-4EEE-BEAF-25E5F4D75AD3}"
EndProject
Project("{FAE04EC0-301F-11D3-BF4B-00C04F79EFBC}") = "Services", "Services\Services.csproj", "{67569BBA-BDED-4B1F-A0D3-C1A194093F68}"
EndProject
Project("{FAE04EC0-301F-11D3-BF4B-00C04F79EFBC}") = "Tests", "Tests\Tests.csproj", "{BE098320-4A68-4503-932C-B995BC0208F8}"
EndProject
Global
	GlobalSection(SolutionConfigurationPlatforms) = preSolution
		Debug|Any CPU = Debug|Any CPU
		Release|Any CPU = Release|Any CPU
	EndGlobalSection
	GlobalSection(ProjectConfigurationPlatforms) = postSolution
		{3FA79368-F0D1-4EEE-BEAF-25E5F4D75AD3}.Debug|Any CPU.ActiveCfg = Debug|Any CPU
		{3FA79368-F0D1-4EEE-BEAF-25E5F4D75AD3}.Debug|Any CPU.Build.0 = Debug|Any CPU
		{3FA79368-F0D1-4EEE-BEAF-25E5F4D75AD3}.Release|Any CPU.ActiveCfg = Release|Any CPU
		{3FA79368-F0D1-4EEE-BEAF-25E5F4D75AD3}.Release|Any CPU.Build.0 = Release|Any CPU
		{67569BBA-BDED-4B1F-A0D3-C1A194093F68}.Debug|Any CPU.ActiveCfg = Debug|Any CPU
		{67569BBA-BDED-4B1F-A0D3-C1A194093F68}.Debug|Any CPU.Build.0 = Debug|Any CPU
		{67569BBA-BDED-4B1F-A0D3-C1A194093F68}.Release|Any CPU.ActiveCfg = Release|Any CPU
		{67569BBA-BDED-4B1F-A0D3-C1A194093F68}.Release|Any CPU.Build.0 = Release|Any CPU
		{BE098320-4A68-4503-932C-B995BC0208F8}.Debug|Any CPU.ActiveCfg = Debug|Any CPU
		{BE098320-4A68-4503-932C-B995BC0208F8}.Debug|Any CPU.Build.0 = Debug|Any CPU
		{BE098320-4A68-4503-932C-B995BC0208F8}.Release|Any CPU.ActiveCfg = Release|Any CPU
		{BE098320-4A68-4503-932C-B995BC0208F8}.Release|Any CPU.Build.0 = Release|Any CPU
	EndGlobalSection
	GlobalSection(SolutionProperties) = preSolution
		HideSolutionNode = FALSE
	EndGlobalSection
	GlobalSection(ExtensibilityGlobals) = postSolution
		SolutionGuid = {DF6FC8D0-315D-4F16-9E3F-383BEBA1E42E}
	EndGlobalSection
EndGlobal
